
Microsoft Visual Studio Solution File, Format Version 12.00
# Visual Studio Version 17
VisualStudioVersion = 17.0.31903.59
MinimumVisualStudioVersion = 10.0.40219.1
Project("{2150E333-8FDC-42A3-9474-1A3956D46DE8}") = "Core", "Core", "{742877D4-A49E-4FFF-A416-842B94BA2D6E}"
EndProject
Project("{2150E333-8FDC-42A3-9474-1A3956D46DE8}") = "RawMaterials", "RawMaterials", "{50C033FE-696B-455B-9958-283ACE3478DF}"
EndProject
Project("{2150E333-8FDC-42A3-9474-1A3956D46DE8}") = "Shared", "Shared", "{C8A29E33-43DB-48CB-8117-2E0A8C34BCD9}"
EndProject
Project("{2150E333-8FDC-42A3-9474-1A3956D46DE8}") = "Test", "Test", "{10048DB5-C031-4558-BB87-95DC91AB0831}"
EndProject
Project("{2150E333-8FDC-42A3-9474-1A3956D46DE8}") = "Tests", "Tests", "{112BB18F-E5DA-4F2F-804E-1F7AA2E593ED}"
EndProject
Project("{2150E333-8FDC-42A3-9474-1A3956D46DE8}") = "UnitOfMeasurements", "UnitOfMeasurements", "{B211BA6D-3ADD-4363-BEBC-F793CABF9ADC}"
EndProject
Project("{2150E333-8FDC-42A3-9474-1A3956D46DE8}") = "Universal", "Universal", "{0B6EB19D-42C7-4528-A69E-6DABEBD47202}"
EndProject
Project("{9A19103F-16F7-4668-BE54-9A1E7A4F7556}") = "MW.SAXSAY.Core.Infrastructure", "Core\Infrastructure\Infrastructure\MW.SAXSAY.Core.Infrastructure.csproj", "{3E864CEE-5AD4-43E7-AFB1-21C192897678}"
EndProject
Project("{9A19103F-16F7-4668-BE54-9A1E7A4F7556}") = "MW.SAXSAY.Core.Persistence", "Core\Infrastructure\Persistence\MW.SAXSAY.Core.Persistence.csproj", "{9C6BB7CD-96EB-4D61-A6B3-8EB7944A4E16}"
EndProject
Project("{9A19103F-16F7-4668-BE54-9A1E7A4F7556}") = "MW.SAXSAY.Core.Presentation.WinForm", "Core\Presentation\WinForm\MW.SAXSAY.Core.Presentation.WinForm.csproj", "{567921A2-EFDE-41EF-AE6A-6969197FCFD8}"
EndProject
Project("{9A19103F-16F7-4668-BE54-9A1E7A4F7556}") = "MW.SAXSAY.RawMaterials.Application", "RawMaterials\Application\MW.SAXSAY.RawMaterials.Application.csproj", "{D56B1437-2671-4FFD-9976-2D8919CD568A}"
EndProject
Project("{9A19103F-16F7-4668-BE54-9A1E7A4F7556}") = "MW.SAXSAY.RawMaterials.Domain", "RawMaterials\Domain\MW.SAXSAY.RawMaterials.Domain.csproj", "{068CD2AC-B71A-4E81-AA77-23B41B9D0445}"
EndProject
Project("{9A19103F-16F7-4668-BE54-9A1E7A4F7556}") = "MW.SAXSAY.RawMaterials.Domain.UnitTests", "RawMaterials\Tests\MW.SAXSAY.RawMaterials.Domain.UnitTests.csproj", "{7C408E96-6220-46AF-BF03-0B566DD84DBC}"
EndProject
Project("{9A19103F-16F7-4668-BE54-9A1E7A4F7556}") = "MW.SAXSAY.RawMaterials.Infrastructure", "RawMaterials\Infrastructure\Infrastructure\MW.SAXSAY.RawMaterials.Infrastructure.csproj", "{0CEB6778-A66E-4D76-953E-F2A2627B1B0C}"
EndProject
Project("{9A19103F-16F7-4668-BE54-9A1E7A4F7556}") = "MW.SAXSAY.RawMaterials.Persistence", "RawMaterials\Infrastructure\Persistence\MW.SAXSAY.RawMaterials.Persistence.csproj", "{C5873299-F1AF-41A3-97BF-DE4DE8D98C67}"
EndProject
Project("{9A19103F-16F7-4668-BE54-9A1E7A4F7556}") = "MW.SAXSAY.RawMaterials.Presentation.WinForm", "RawMaterials\Presentation\WinForm\MW.SAXSAY.RawMaterials.Presentation.WinForm.csproj", "{14F7C2F3-5511-480A-AF62-01EC35AD0C10}"
EndProject
Project("{9A19103F-16F7-4668-BE54-9A1E7A4F7556}") = "MW.SAXSAY.Shared", "Shared\Core\MW.SAXSAY.Shared.csproj", "{EDCB44C7-9A39-46FD-815C-4D6CC8F06B7A}"
EndProject
Project("{9A19103F-16F7-4668-BE54-9A1E7A4F7556}") = "MW.SAXSAY.Test", "Test\MW.SAXSAY.Test.csproj", "{3C1B2FDE-02E5-45E9-B66F-DEF223C6CD48}"
EndProject
Project("{9A19103F-16F7-4668-BE54-9A1E7A4F7556}") = "MW.SAXSAY.UnitOfMeasurements.Domain", "Universal\UnitOfMeasurements\Domain\MW.SAXSAY.UnitOfMeasurements.Domain.csproj", "{053E29D4-BFF1-446B-B8E0-3EE8D84B5DCD}"
EndProject
Project("{9A19103F-16F7-4668-BE54-9A1E7A4F7556}") = "MW.SAXSAY.Core.Application", "Core\Application\MW.SAXSAY.Core.Application.csproj", "{CBF24A18-8D95-4BC8-9D86-4E828BD22ABC}"
EndProject
Project("{2150E333-8FDC-42A3-9474-1A3956D46DE8}") = "Tests", "Tests", "{4BBE5465-88B6-4110-97FC-A464CD5DA6AE}"
EndProject
Project("{FAE04EC0-301F-11D3-BF4B-00C04F79EFBC}") = "MW.SAXSAY.Core.Infrastructure.UnitTests", "Core\Tests\Infrastructure\MW.SAXSAY.Core.Infrastructure.UnitTests.csproj", "{67B4EF1E-4ED2-410E-9E6A-1982C39B7B81}"
EndProject
Project("{FAE04EC0-301F-11D3-BF4B-00C04F79EFBC}") = "MW.SAXSAY.Core.Domain", "Core\Domain\MW.SAXSAY.Core.Domain.csproj", "{1DD9BF1E-E268-407B-8C52-707494FF9B90}"
EndProject
Global
	GlobalSection(SolutionConfigurationPlatforms) = preSolution
		Debug|Any CPU = Debug|Any CPU
		Release|Any CPU = Release|Any CPU
	EndGlobalSection
	GlobalSection(ProjectConfigurationPlatforms) = postSolution
		{3E864CEE-5AD4-43E7-AFB1-21C192897678}.Debug|Any CPU.ActiveCfg = Debug|Any CPU
		{3E864CEE-5AD4-43E7-AFB1-21C192897678}.Debug|Any CPU.Build.0 = Debug|Any CPU
		{3E864CEE-5AD4-43E7-AFB1-21C192897678}.Release|Any CPU.ActiveCfg = Release|Any CPU
		{3E864CEE-5AD4-43E7-AFB1-21C192897678}.Release|Any CPU.Build.0 = Release|Any CPU
		{9C6BB7CD-96EB-4D61-A6B3-8EB7944A4E16}.Debug|Any CPU.ActiveCfg = Debug|Any CPU
		{9C6BB7CD-96EB-4D61-A6B3-8EB7944A4E16}.Debug|Any CPU.Build.0 = Debug|Any CPU
		{9C6BB7CD-96EB-4D61-A6B3-8EB7944A4E16}.Release|Any CPU.ActiveCfg = Release|Any CPU
		{9C6BB7CD-96EB-4D61-A6B3-8EB7944A4E16}.Release|Any CPU.Build.0 = Release|Any CPU
		{567921A2-EFDE-41EF-AE6A-6969197FCFD8}.Debug|Any CPU.ActiveCfg = Debug|Any CPU
		{567921A2-EFDE-41EF-AE6A-6969197FCFD8}.Debug|Any CPU.Build.0 = Debug|Any CPU
		{567921A2-EFDE-41EF-AE6A-6969197FCFD8}.Release|Any CPU.ActiveCfg = Release|Any CPU
		{567921A2-EFDE-41EF-AE6A-6969197FCFD8}.Release|Any CPU.Build.0 = Release|Any CPU
		{D56B1437-2671-4FFD-9976-2D8919CD568A}.Debug|Any CPU.ActiveCfg = Debug|Any CPU
		{D56B1437-2671-4FFD-9976-2D8919CD568A}.Debug|Any CPU.Build.0 = Debug|Any CPU
		{D56B1437-2671-4FFD-9976-2D8919CD568A}.Release|Any CPU.ActiveCfg = Release|Any CPU
		{D56B1437-2671-4FFD-9976-2D8919CD568A}.Release|Any CPU.Build.0 = Release|Any CPU
		{068CD2AC-B71A-4E81-AA77-23B41B9D0445}.Debug|Any CPU.ActiveCfg = Debug|Any CPU
		{068CD2AC-B71A-4E81-AA77-23B41B9D0445}.Debug|Any CPU.Build.0 = Debug|Any CPU
		{068CD2AC-B71A-4E81-AA77-23B41B9D0445}.Release|Any CPU.ActiveCfg = Release|Any CPU
		{068CD2AC-B71A-4E81-AA77-23B41B9D0445}.Release|Any CPU.Build.0 = Release|Any CPU
		{7C408E96-6220-46AF-BF03-0B566DD84DBC}.Debug|Any CPU.ActiveCfg = Debug|Any CPU
		{7C408E96-6220-46AF-BF03-0B566DD84DBC}.Debug|Any CPU.Build.0 = Debug|Any CPU
		{7C408E96-6220-46AF-BF03-0B566DD84DBC}.Release|Any CPU.ActiveCfg = Release|Any CPU
		{7C408E96-6220-46AF-BF03-0B566DD84DBC}.Release|Any CPU.Build.0 = Release|Any CPU
		{0CEB6778-A66E-4D76-953E-F2A2627B1B0C}.Debug|Any CPU.ActiveCfg = Debug|Any CPU
		{0CEB6778-A66E-4D76-953E-F2A2627B1B0C}.Debug|Any CPU.Build.0 = Debug|Any CPU
		{0CEB6778-A66E-4D76-953E-F2A2627B1B0C}.Release|Any CPU.ActiveCfg = Release|Any CPU
		{0CEB6778-A66E-4D76-953E-F2A2627B1B0C}.Release|Any CPU.Build.0 = Release|Any CPU
		{C5873299-F1AF-41A3-97BF-DE4DE8D98C67}.Debug|Any CPU.ActiveCfg = Debug|Any CPU
		{C5873299-F1AF-41A3-97BF-DE4DE8D98C67}.Debug|Any CPU.Build.0 = Debug|Any CPU
		{C5873299-F1AF-41A3-97BF-DE4DE8D98C67}.Release|Any CPU.ActiveCfg = Release|Any CPU
		{C5873299-F1AF-41A3-97BF-DE4DE8D98C67}.Release|Any CPU.Build.0 = Release|Any CPU
		{14F7C2F3-5511-480A-AF62-01EC35AD0C10}.Debug|Any CPU.ActiveCfg = Debug|Any CPU
		{14F7C2F3-5511-480A-AF62-01EC35AD0C10}.Debug|Any CPU.Build.0 = Debug|Any CPU
		{14F7C2F3-5511-480A-AF62-01EC35AD0C10}.Release|Any CPU.ActiveCfg = Release|Any CPU
		{14F7C2F3-5511-480A-AF62-01EC35AD0C10}.Release|Any CPU.Build.0 = Release|Any CPU
		{EDCB44C7-9A39-46FD-815C-4D6CC8F06B7A}.Debug|Any CPU.ActiveCfg = Debug|Any CPU
		{EDCB44C7-9A39-46FD-815C-4D6CC8F06B7A}.Debug|Any CPU.Build.0 = Debug|Any CPU
		{EDCB44C7-9A39-46FD-815C-4D6CC8F06B7A}.Release|Any CPU.ActiveCfg = Release|Any CPU
		{EDCB44C7-9A39-46FD-815C-4D6CC8F06B7A}.Release|Any CPU.Build.0 = Release|Any CPU
		{3C1B2FDE-02E5-45E9-B66F-DEF223C6CD48}.Debug|Any CPU.ActiveCfg = Debug|Any CPU
		{3C1B2FDE-02E5-45E9-B66F-DEF223C6CD48}.Debug|Any CPU.Build.0 = Debug|Any CPU
		{3C1B2FDE-02E5-45E9-B66F-DEF223C6CD48}.Release|Any CPU.ActiveCfg = Release|Any CPU
		{3C1B2FDE-02E5-45E9-B66F-DEF223C6CD48}.Release|Any CPU.Build.0 = Release|Any CPU
		{053E29D4-BFF1-446B-B8E0-3EE8D84B5DCD}.Debug|Any CPU.ActiveCfg = Debug|Any CPU
		{053E29D4-BFF1-446B-B8E0-3EE8D84B5DCD}.Debug|Any CPU.Build.0 = Debug|Any CPU
		{053E29D4-BFF1-446B-B8E0-3EE8D84B5DCD}.Release|Any CPU.ActiveCfg = Release|Any CPU
		{053E29D4-BFF1-446B-B8E0-3EE8D84B5DCD}.Release|Any CPU.Build.0 = Release|Any CPU
		{CBF24A18-8D95-4BC8-9D86-4E828BD22ABC}.Debug|Any CPU.ActiveCfg = Debug|Any CPU
		{CBF24A18-8D95-4BC8-9D86-4E828BD22ABC}.Debug|Any CPU.Build.0 = Debug|Any CPU
		{CBF24A18-8D95-4BC8-9D86-4E828BD22ABC}.Release|Any CPU.ActiveCfg = Release|Any CPU
		{CBF24A18-8D95-4BC8-9D86-4E828BD22ABC}.Release|Any CPU.Build.0 = Release|Any CPU
		{67B4EF1E-4ED2-410E-9E6A-1982C39B7B81}.Debug|Any CPU.ActiveCfg = Debug|Any CPU
		{67B4EF1E-4ED2-410E-9E6A-1982C39B7B81}.Debug|Any CPU.Build.0 = Debug|Any CPU
		{67B4EF1E-4ED2-410E-9E6A-1982C39B7B81}.Release|Any CPU.ActiveCfg = Release|Any CPU
		{67B4EF1E-4ED2-410E-9E6A-1982C39B7B81}.Release|Any CPU.Build.0 = Release|Any CPU
		{1DD9BF1E-E268-407B-8C52-707494FF9B90}.Debug|Any CPU.ActiveCfg = Debug|Any CPU
		{1DD9BF1E-E268-407B-8C52-707494FF9B90}.Debug|Any CPU.Build.0 = Debug|Any CPU
		{1DD9BF1E-E268-407B-8C52-707494FF9B90}.Release|Any CPU.ActiveCfg = Release|Any CPU
		{1DD9BF1E-E268-407B-8C52-707494FF9B90}.Release|Any CPU.Build.0 = Release|Any CPU
	EndGlobalSection
	GlobalSection(SolutionProperties) = preSolution
		HideSolutionNode = FALSE
	EndGlobalSection
	GlobalSection(NestedProjects) = preSolution
		{112BB18F-E5DA-4F2F-804E-1F7AA2E593ED} = {50C033FE-696B-455B-9958-283ACE3478DF}
		{B211BA6D-3ADD-4363-BEBC-F793CABF9ADC} = {0B6EB19D-42C7-4528-A69E-6DABEBD47202}
		{3E864CEE-5AD4-43E7-AFB1-21C192897678} = {742877D4-A49E-4FFF-A416-842B94BA2D6E}
		{9C6BB7CD-96EB-4D61-A6B3-8EB7944A4E16} = {742877D4-A49E-4FFF-A416-842B94BA2D6E}
		{567921A2-EFDE-41EF-AE6A-6969197FCFD8} = {742877D4-A49E-4FFF-A416-842B94BA2D6E}
		{D56B1437-2671-4FFD-9976-2D8919CD568A} = {50C033FE-696B-455B-9958-283ACE3478DF}
		{068CD2AC-B71A-4E81-AA77-23B41B9D0445} = {50C033FE-696B-455B-9958-283ACE3478DF}
		{7C408E96-6220-46AF-BF03-0B566DD84DBC} = {112BB18F-E5DA-4F2F-804E-1F7AA2E593ED}
		{0CEB6778-A66E-4D76-953E-F2A2627B1B0C} = {50C033FE-696B-455B-9958-283ACE3478DF}
		{C5873299-F1AF-41A3-97BF-DE4DE8D98C67} = {50C033FE-696B-455B-9958-283ACE3478DF}
		{14F7C2F3-5511-480A-AF62-01EC35AD0C10} = {50C033FE-696B-455B-9958-283ACE3478DF}
		{EDCB44C7-9A39-46FD-815C-4D6CC8F06B7A} = {C8A29E33-43DB-48CB-8117-2E0A8C34BCD9}
		{3C1B2FDE-02E5-45E9-B66F-DEF223C6CD48} = {10048DB5-C031-4558-BB87-95DC91AB0831}
		{053E29D4-BFF1-446B-B8E0-3EE8D84B5DCD} = {B211BA6D-3ADD-4363-BEBC-F793CABF9ADC}
		{CBF24A18-8D95-4BC8-9D86-4E828BD22ABC} = {742877D4-A49E-4FFF-A416-842B94BA2D6E}
		{4BBE5465-88B6-4110-97FC-A464CD5DA6AE} = {742877D4-A49E-4FFF-A416-842B94BA2D6E}
		{67B4EF1E-4ED2-410E-9E6A-1982C39B7B81} = {4BBE5465-88B6-4110-97FC-A464CD5DA6AE}
		{1DD9BF1E-E268-407B-8C52-707494FF9B90} = {742877D4-A49E-4FFF-A416-842B94BA2D6E}
	EndGlobalSection
	GlobalSection(ExtensibilityGlobals) = postSolution
		SolutionGuid = {1D918615-2CEF-4BCA-9506-F701C9A9F764}
	EndGlobalSection
EndGlobal
